
Microsoft Visual Studio Solution File, Format Version 12.00
# Visual Studio Version 17
VisualStudioVersion = 17.7.34202.233
MinimumVisualStudioVersion = 10.0.40219.1
Project("{FAE04EC0-301F-11D3-BF4B-00C04F79EFBC}") = "WindowsFormsApp5", "WindowsFormsApp5\WindowsFormsApp5.csproj", "{02AAA75E-0786-43C3-9873-D207343BF42E}"
EndProject
Global
	GlobalSection(SolutionConfigurationPlatforms) = preSolution
		Debug|Any CPU = Debug|Any CPU
		Release|Any CPU = Release|Any CPU
	EndGlobalSection
	GlobalSection(ProjectConfigurationPlatforms) = postSolution
		{02AAA75E-0786-43C3-9873-D207343BF42E}.Debug|Any CPU.ActiveCfg = Debug|Any CPU
		{02AAA75E-0786-43C3-9873-D207343BF42E}.Debug|Any CPU.Build.0 = Debug|Any CPU
		{02AAA75E-0786-43C3-9873-D207343BF42E}.Release|Any CPU.ActiveCfg = Release|Any CPU
		{02AAA75E-0786-43C3-9873-D207343BF42E}.Release|Any CPU.Build.0 = Release|Any CPU
	EndGlobalSection
	GlobalSection(SolutionProperties) = preSolution
		HideSolutionNode = FALSE
	EndGlobalSection
	GlobalSection(ExtensibilityGlobals) = postSolution
		SolutionGuid = {C0F2CD71-4C84-4075-BF50-778C1374C22C}
	EndGlobalSection
EndGlobal
