
Microsoft Visual Studio Solution File, Format Version 12.00
# Visual Studio Version 17
VisualStudioVersion = 17.9.34622.214
MinimumVisualStudioVersion = 10.0.40219.1
Project("{FAE04EC0-301F-11D3-BF4B-00C04F79EFBC}") = "WindowsFormsApp2", "WindowsFormsApp2\WindowsFormsApp2.csproj", "{6A331DEE-AA40-4AE6-BD1D-7C7AB67C18A3}"
EndProject
Global
	GlobalSection(SolutionConfigurationPlatforms) = preSolution
		Debug|Any CPU = Debug|Any CPU
		Release|Any CPU = Release|Any CPU
	EndGlobalSection
	GlobalSection(ProjectConfigurationPlatforms) = postSolution
		{6A331DEE-AA40-4AE6-BD1D-7C7AB67C18A3}.Debug|Any CPU.ActiveCfg = Debug|Any CPU
		{6A331DEE-AA40-4AE6-BD1D-7C7AB67C18A3}.Debug|Any CPU.Build.0 = Debug|Any CPU
		{6A331DEE-AA40-4AE6-BD1D-7C7AB67C18A3}.Release|Any CPU.ActiveCfg = Release|Any CPU
		{6A331DEE-AA40-4AE6-BD1D-7C7AB67C18A3}.Release|Any CPU.Build.0 = Release|Any CPU
	EndGlobalSection
	GlobalSection(SolutionProperties) = preSolution
		HideSolutionNode = FALSE
	EndGlobalSection
	GlobalSection(ExtensibilityGlobals) = postSolution
		SolutionGuid = {CF230D01-BA78-4750-941E-98EB3BA650A7}
	EndGlobalSection
EndGlobal
