
Microsoft Visual Studio Solution File, Format Version 12.00
# Visual Studio Version 17
VisualStudioVersion = 17.9.34622.214
MinimumVisualStudioVersion = 10.0.40219.1
Project("{FAE04EC0-301F-11D3-BF4B-00C04F79EFBC}") = "WindowsFormsApp1", "WindowsFormsApp1\WindowsFormsApp1.csproj", "{B2B021CD-89A5-4D1E-A919-92C72E220D1D}"
EndProject
Global
	GlobalSection(SolutionConfigurationPlatforms) = preSolution
		Debug|Any CPU = Debug|Any CPU
		Release|Any CPU = Release|Any CPU
	EndGlobalSection
	GlobalSection(ProjectConfigurationPlatforms) = postSolution
		{B2B021CD-89A5-4D1E-A919-92C72E220D1D}.Debug|Any CPU.ActiveCfg = Debug|Any CPU
		{B2B021CD-89A5-4D1E-A919-92C72E220D1D}.Debug|Any CPU.Build.0 = Debug|Any CPU
		{B2B021CD-89A5-4D1E-A919-92C72E220D1D}.Release|Any CPU.ActiveCfg = Release|Any CPU
		{B2B021CD-89A5-4D1E-A919-92C72E220D1D}.Release|Any CPU.Build.0 = Release|Any CPU
	EndGlobalSection
	GlobalSection(SolutionProperties) = preSolution
		HideSolutionNode = FALSE
	EndGlobalSection
	GlobalSection(ExtensibilityGlobals) = postSolution
		SolutionGuid = {9F9477AA-4C58-4B55-95AD-60D9FD539CA9}
	EndGlobalSection
EndGlobal
